
Microsoft Visual Studio Solution File, Format Version 12.00
Project("{2150E333-8FDC-42A3-9474-1A3956D46DE8}") = "Domain", "Domain", "{333E0719-7BFC-450E-BE8B-933B5EA229A7}"
EndProject
Project("{2150E333-8FDC-42A3-9474-1A3956D46DE8}") = "Infra.Bus", "Infra.Bus", "{DBD1B79B-F8D1-4F1F-BC8E-CECD8A0D89F2}"
EndProject
Project("{2150E333-8FDC-42A3-9474-1A3956D46DE8}") = "Infra.IoC", "Infra.IoC", "{E8C4EAB6-5BC4-40A8-875D-37C7CFFA6F43}"
EndProject
Project("{2150E333-8FDC-42A3-9474-1A3956D46DE8}") = "Microservices", "Microservices", "{AB5CEFC3-3646-45CC-9864-9D84B1D9C8B8}"
EndProject
Project("{2150E333-8FDC-42A3-9474-1A3956D46DE8}") = "Presentation", "Presentation", "{0F52BEEB-E558-4C21-8D87-AEA1B5024889}"
EndProject
Project("{FAE04EC0-301F-11D3-BF4B-00C04F79EFBC}") = "RabbitMQ.Domain.Core", "RabbitMQ.Domain.Core\RabbitMQ.Domain.Core.csproj", "{1EABD185-887B-4963-BE78-B3C626ECAB83}"
EndProject
Project("{FAE04EC0-301F-11D3-BF4B-00C04F79EFBC}") = "RabbitMQ.Infra.IoC", "RabbitMQ.Infra.IoC\RabbitMQ.Infra.IoC.csproj", "{5445AF66-215C-4856-A53C-6B5937FBDFEB}"
EndProject
Project("{2150E333-8FDC-42A3-9474-1A3956D46DE8}") = "Banking", "Banking", "{12D66E1D-CB63-4B07-8061-95C78C5A06A8}"
EndProject
Project("{2150E333-8FDC-42A3-9474-1A3956D46DE8}") = "Api", "Api", "{3D2D7241-1EC1-4BC9-9F11-B9C4BF0FD1DB}"
EndProject
Project("{2150E333-8FDC-42A3-9474-1A3956D46DE8}") = "Application", "Application", "{C1CABB9E-F069-43A1-9673-A4F5A8A3E357}"
EndProject
Project("{2150E333-8FDC-42A3-9474-1A3956D46DE8}") = "Data", "Data", "{72D14F1B-F572-4AFC-953A-D69A0D2A1A69}"
EndProject
Project("{2150E333-8FDC-42A3-9474-1A3956D46DE8}") = "Domain", "Domain", "{A51BDB95-294E-454B-B5E2-F719F7A1CCAD}"
EndProject
Project("{FAE04EC0-301F-11D3-BF4B-00C04F79EFBC}") = "RabbitMQ.Banking.Domain", "RabbitMQ.Banking.Domain\RabbitMQ.Banking.Domain.csproj", "{8B944048-EBF2-4813-9939-2DC3F3FD5608}"
EndProject
Project("{FAE04EC0-301F-11D3-BF4B-00C04F79EFBC}") = "RabbitMQ.Banking.Data", "RabbitMQ.Banking.Data\RabbitMQ.Banking.Data.csproj", "{76735671-439A-4420-A1E3-94F27DC2EDDF}"
EndProject
Project("{FAE04EC0-301F-11D3-BF4B-00C04F79EFBC}") = "RabbitMQ.Banking.Application", "RabbitMQ.Banking.Application\RabbitMQ.Banking.Application.csproj", "{74E4D23A-E209-4CAE-B4BD-75A30339D5C3}"
EndProject
Project("{FAE04EC0-301F-11D3-BF4B-00C04F79EFBC}") = "RabbitMQ.Banking.Api", "RabbitMQ.Banking.Api\RabbitMQ.Banking.Api.csproj", "{0ACC5848-FE7F-4941-B522-1680A8CBF14E}"
EndProject
Project("{FAE04EC0-301F-11D3-BF4B-00C04F79EFBC}") = "RabbitMQ.Infra.Bus", "RabbitMQ.Infra.Bus\RabbitMQ.Infra.Bus.csproj", "{3F4CA851-AAEA-4AD4-A251-92427DFB00FA}"
EndProject
Global
	GlobalSection(SolutionConfigurationPlatforms) = preSolution
		Debug|Any CPU = Debug|Any CPU
		Release|Any CPU = Release|Any CPU
	EndGlobalSection
	GlobalSection(ProjectConfigurationPlatforms) = postSolution
		{1EABD185-887B-4963-BE78-B3C626ECAB83}.Debug|Any CPU.ActiveCfg = Debug|Any CPU
		{1EABD185-887B-4963-BE78-B3C626ECAB83}.Debug|Any CPU.Build.0 = Debug|Any CPU
		{1EABD185-887B-4963-BE78-B3C626ECAB83}.Release|Any CPU.ActiveCfg = Release|Any CPU
		{1EABD185-887B-4963-BE78-B3C626ECAB83}.Release|Any CPU.Build.0 = Release|Any CPU
		{5445AF66-215C-4856-A53C-6B5937FBDFEB}.Debug|Any CPU.ActiveCfg = Debug|Any CPU
		{5445AF66-215C-4856-A53C-6B5937FBDFEB}.Debug|Any CPU.Build.0 = Debug|Any CPU
		{5445AF66-215C-4856-A53C-6B5937FBDFEB}.Release|Any CPU.ActiveCfg = Release|Any CPU
		{5445AF66-215C-4856-A53C-6B5937FBDFEB}.Release|Any CPU.Build.0 = Release|Any CPU
		{8B944048-EBF2-4813-9939-2DC3F3FD5608}.Debug|Any CPU.ActiveCfg = Debug|Any CPU
		{8B944048-EBF2-4813-9939-2DC3F3FD5608}.Debug|Any CPU.Build.0 = Debug|Any CPU
		{8B944048-EBF2-4813-9939-2DC3F3FD5608}.Release|Any CPU.ActiveCfg = Release|Any CPU
		{8B944048-EBF2-4813-9939-2DC3F3FD5608}.Release|Any CPU.Build.0 = Release|Any CPU
		{76735671-439A-4420-A1E3-94F27DC2EDDF}.Debug|Any CPU.ActiveCfg = Debug|Any CPU
		{76735671-439A-4420-A1E3-94F27DC2EDDF}.Debug|Any CPU.Build.0 = Debug|Any CPU
		{76735671-439A-4420-A1E3-94F27DC2EDDF}.Release|Any CPU.ActiveCfg = Release|Any CPU
		{76735671-439A-4420-A1E3-94F27DC2EDDF}.Release|Any CPU.Build.0 = Release|Any CPU
		{74E4D23A-E209-4CAE-B4BD-75A30339D5C3}.Debug|Any CPU.ActiveCfg = Debug|Any CPU
		{74E4D23A-E209-4CAE-B4BD-75A30339D5C3}.Debug|Any CPU.Build.0 = Debug|Any CPU
		{74E4D23A-E209-4CAE-B4BD-75A30339D5C3}.Release|Any CPU.ActiveCfg = Release|Any CPU
		{74E4D23A-E209-4CAE-B4BD-75A30339D5C3}.Release|Any CPU.Build.0 = Release|Any CPU
		{0ACC5848-FE7F-4941-B522-1680A8CBF14E}.Debug|Any CPU.ActiveCfg = Debug|Any CPU
		{0ACC5848-FE7F-4941-B522-1680A8CBF14E}.Debug|Any CPU.Build.0 = Debug|Any CPU
		{0ACC5848-FE7F-4941-B522-1680A8CBF14E}.Release|Any CPU.ActiveCfg = Release|Any CPU
		{0ACC5848-FE7F-4941-B522-1680A8CBF14E}.Release|Any CPU.Build.0 = Release|Any CPU
		{3F4CA851-AAEA-4AD4-A251-92427DFB00FA}.Debug|Any CPU.ActiveCfg = Debug|Any CPU
		{3F4CA851-AAEA-4AD4-A251-92427DFB00FA}.Debug|Any CPU.Build.0 = Debug|Any CPU
		{3F4CA851-AAEA-4AD4-A251-92427DFB00FA}.Release|Any CPU.ActiveCfg = Release|Any CPU
		{3F4CA851-AAEA-4AD4-A251-92427DFB00FA}.Release|Any CPU.Build.0 = Release|Any CPU
	EndGlobalSection
	GlobalSection(NestedProjects) = preSolution
		{1EABD185-887B-4963-BE78-B3C626ECAB83} = {333E0719-7BFC-450E-BE8B-933B5EA229A7}
		{5445AF66-215C-4856-A53C-6B5937FBDFEB} = {E8C4EAB6-5BC4-40A8-875D-37C7CFFA6F43}
		{12D66E1D-CB63-4B07-8061-95C78C5A06A8} = {AB5CEFC3-3646-45CC-9864-9D84B1D9C8B8}
		{3D2D7241-1EC1-4BC9-9F11-B9C4BF0FD1DB} = {12D66E1D-CB63-4B07-8061-95C78C5A06A8}
		{C1CABB9E-F069-43A1-9673-A4F5A8A3E357} = {12D66E1D-CB63-4B07-8061-95C78C5A06A8}
		{72D14F1B-F572-4AFC-953A-D69A0D2A1A69} = {12D66E1D-CB63-4B07-8061-95C78C5A06A8}
		{A51BDB95-294E-454B-B5E2-F719F7A1CCAD} = {12D66E1D-CB63-4B07-8061-95C78C5A06A8}
		{8B944048-EBF2-4813-9939-2DC3F3FD5608} = {A51BDB95-294E-454B-B5E2-F719F7A1CCAD}
		{76735671-439A-4420-A1E3-94F27DC2EDDF} = {72D14F1B-F572-4AFC-953A-D69A0D2A1A69}
		{74E4D23A-E209-4CAE-B4BD-75A30339D5C3} = {C1CABB9E-F069-43A1-9673-A4F5A8A3E357}
		{0ACC5848-FE7F-4941-B522-1680A8CBF14E} = {3D2D7241-1EC1-4BC9-9F11-B9C4BF0FD1DB}
		{3F4CA851-AAEA-4AD4-A251-92427DFB00FA} = {DBD1B79B-F8D1-4F1F-BC8E-CECD8A0D89F2}
	EndGlobalSection
EndGlobal
